// !$*UTF8*$!
{
	archiveVersion = 1;
	classes = {
	};
	objectVersion = 56;
	objects = {

/* Begin PBXBuildFile section */
		7633E5EE2C47BD9E0038C14C /* MainView.swift in Sources */ = {isa = PBXBuildFile; fileRef = 7633E5ED2C47BD9E0038C14C /* MainView.swift */; };
		76C5E1472C3FCF740092A73C /* RecommendationView.swift in Sources */ = {isa = PBXBuildFile; fileRef = 76C5E1462C3FCF740092A73C /* RecommendationView.swift */; };
		76C5E14D2C4146E30092A73C /* WeekendView.swift in Sources */ = {isa = PBXBuildFile; fileRef = 76C5E14C2C4146E30092A73C /* WeekendView.swift */; };
		76C5E1512C453C410092A73C /* HomeViewModel.swift in Sources */ = {isa = PBXBuildFile; fileRef = 76C5E1502C453C410092A73C /* HomeViewModel.swift */; };
		804220202C3FE50300A4E8B0 /* WeatherManager.swift in Sources */ = {isa = PBXBuildFile; fileRef = 8042201F2C3FE50300A4E8B0 /* WeatherManager.swift */; };
		804220512C442D6B00A4E8B0 /* EventManager.swift in Sources */ = {isa = PBXBuildFile; fileRef = 804220502C442D6B00A4E8B0 /* EventManager.swift */; };
		B72A3AA92C3FC2EB005C0D64 /* CalenderView.swift in Sources */ = {isa = PBXBuildFile; fileRef = B72A3AA82C3FC2EB005C0D64 /* CalenderView.swift */; };
		B72A3AAB2C3FD183005C0D64 /* CustomDate.swift in Sources */ = {isa = PBXBuildFile; fileRef = B72A3AAA2C3FD183005C0D64 /* CustomDate.swift */; };
		B72A3AAD2C3FD25F005C0D64 /* CalendarViewModel.swift in Sources */ = {isa = PBXBuildFile; fileRef = B72A3AAC2C3FD25F005C0D64 /* CalendarViewModel.swift */; };
		B72A3AAF2C3FE3DE005C0D64 /* CalendarPicker.swift in Sources */ = {isa = PBXBuildFile; fileRef = B72A3AAE2C3FE3DE005C0D64 /* CalendarPicker.swift */; };
		B72A3AB32C4117CA005C0D64 /* ToggleButton.swift in Sources */ = {isa = PBXBuildFile; fileRef = B72A3AB22C4117CA005C0D64 /* ToggleButton.swift */; };
		B72A3AB52C4143F7005C0D64 /* CalendarRecCard.swift in Sources */ = {isa = PBXBuildFile; fileRef = B72A3AB42C4143F7005C0D64 /* CalendarRecCard.swift */; };
		B72EB4E42C4537D100B84CDD /* Phrases.swift in Sources */ = {isa = PBXBuildFile; fileRef = B72EB4E32C4537D100B84CDD /* Phrases.swift */; };
		B72EB4E62C453AFA00B84CDD /* DateService.swift in Sources */ = {isa = PBXBuildFile; fileRef = B72EB4E52C453AFA00B84CDD /* DateService.swift */; };
		B72EB4E82C453BDD00B84CDD /* CalendarActList.swift in Sources */ = {isa = PBXBuildFile; fileRef = B72EB4E72C453BDD00B84CDD /* CalendarActList.swift */; };
		B72EB4EA2C453CEF00B84CDD /* DatePicker.swift in Sources */ = {isa = PBXBuildFile; fileRef = B72EB4E92C453CEF00B84CDD /* DatePicker.swift */; };
		B7BF86122C44416E001E0EBF /* SelectedDateDetail.swift in Sources */ = {isa = PBXBuildFile; fileRef = B7BF86112C44416E001E0EBF /* SelectedDateDetail.swift */; };
		E4122D6C2C4111F90047AAC5 /* RecommendationService.swift in Sources */ = {isa = PBXBuildFile; fileRef = E4122D6B2C4111F90047AAC5 /* RecommendationService.swift */; };
		E4122D6E2C4113A70047AAC5 /* RecommendedLocation.swift in Sources */ = {isa = PBXBuildFile; fileRef = E4122D6D2C4113A70047AAC5 /* RecommendedLocation.swift */; };
		E4122D712C4117820047AAC5 /* Date.swift in Sources */ = {isa = PBXBuildFile; fileRef = E4122D702C4117820047AAC5 /* Date.swift */; };
		E435C0412C3FBAEC00F1D05B /* NC3App.swift in Sources */ = {isa = PBXBuildFile; fileRef = E435C0402C3FBAEC00F1D05B /* NC3App.swift */; };
		E435C0432C3FBAEC00F1D05B /* ContentView.swift in Sources */ = {isa = PBXBuildFile; fileRef = E435C0422C3FBAEC00F1D05B /* ContentView.swift */; };
		E435C0452C3FBAEC00F1D05B /* Item.swift in Sources */ = {isa = PBXBuildFile; fileRef = E435C0442C3FBAEC00F1D05B /* Item.swift */; };
		E435C0472C3FBAED00F1D05B /* Assets.xcassets in Resources */ = {isa = PBXBuildFile; fileRef = E435C0462C3FBAED00F1D05B /* Assets.xcassets */; };
		E435C04A2C3FBAED00F1D05B /* Preview Assets.xcassets in Resources */ = {isa = PBXBuildFile; fileRef = E435C0492C3FBAED00F1D05B /* Preview Assets.xcassets */; };
		E435C0532C3FBC7100F1D05B /* HomeScreenView.swift in Sources */ = {isa = PBXBuildFile; fileRef = E435C0522C3FBC7100F1D05B /* HomeScreenView.swift */; };
		E435C0582C3FBCA000F1D05B /* DetailScreenView.swift in Sources */ = {isa = PBXBuildFile; fileRef = E435C0572C3FBCA000F1D05B /* DetailScreenView.swift */; };
		E435C05A2C3FBCD100F1D05B /* ViewModelSample.swift in Sources */ = {isa = PBXBuildFile; fileRef = E435C0592C3FBCD100F1D05B /* ViewModelSample.swift */; };
		E435C05C2C3FBCDA00F1D05B /* ViewSample.swift in Sources */ = {isa = PBXBuildFile; fileRef = E435C05B2C3FBCDA00F1D05B /* ViewSample.swift */; };
		E435C05E2C3FBCE100F1D05B /* ServiceSample.swift in Sources */ = {isa = PBXBuildFile; fileRef = E435C05D2C3FBCE100F1D05B /* ServiceSample.swift */; };
		E435C0612C3FC76A00F1D05B /* Location.swift in Sources */ = {isa = PBXBuildFile; fileRef = E435C0602C3FC76A00F1D05B /* Location.swift */; };
		E435C0642C3FC7E900F1D05B /* Recommendation.swift in Sources */ = {isa = PBXBuildFile; fileRef = E435C0632C3FC7E900F1D05B /* Recommendation.swift */; };
/* End PBXBuildFile section */

/* Begin PBXFileReference section */
		7633E5ED2C47BD9E0038C14C /* MainView.swift */ = {isa = PBXFileReference; lastKnownFileType = sourcecode.swift; path = MainView.swift; sourceTree = "<group>"; };
		76C5E1462C3FCF740092A73C /* RecommendationView.swift */ = {isa = PBXFileReference; lastKnownFileType = sourcecode.swift; path = RecommendationView.swift; sourceTree = "<group>"; };
		76C5E14C2C4146E30092A73C /* WeekendView.swift */ = {isa = PBXFileReference; lastKnownFileType = sourcecode.swift; path = WeekendView.swift; sourceTree = "<group>"; };
		76C5E1502C453C410092A73C /* HomeViewModel.swift */ = {isa = PBXFileReference; lastKnownFileType = sourcecode.swift; path = HomeViewModel.swift; sourceTree = "<group>"; };
		8042201F2C3FE50300A4E8B0 /* WeatherManager.swift */ = {isa = PBXFileReference; lastKnownFileType = sourcecode.swift; path = WeatherManager.swift; sourceTree = "<group>"; };
		804220502C442D6B00A4E8B0 /* EventManager.swift */ = {isa = PBXFileReference; lastKnownFileType = sourcecode.swift; path = EventManager.swift; sourceTree = "<group>"; };
		B72A3AA82C3FC2EB005C0D64 /* CalenderView.swift */ = {isa = PBXFileReference; lastKnownFileType = sourcecode.swift; path = CalenderView.swift; sourceTree = "<group>"; };
		B72A3AAA2C3FD183005C0D64 /* CustomDate.swift */ = {isa = PBXFileReference; lastKnownFileType = sourcecode.swift; path = CustomDate.swift; sourceTree = "<group>"; };
		B72A3AAC2C3FD25F005C0D64 /* CalendarViewModel.swift */ = {isa = PBXFileReference; lastKnownFileType = sourcecode.swift; path = CalendarViewModel.swift; sourceTree = "<group>"; };
		B72A3AAE2C3FE3DE005C0D64 /* CalendarPicker.swift */ = {isa = PBXFileReference; lastKnownFileType = sourcecode.swift; path = CalendarPicker.swift; sourceTree = "<group>"; };
		B72A3AB22C4117CA005C0D64 /* ToggleButton.swift */ = {isa = PBXFileReference; lastKnownFileType = sourcecode.swift; path = ToggleButton.swift; sourceTree = "<group>"; };
		B72A3AB42C4143F7005C0D64 /* CalendarRecCard.swift */ = {isa = PBXFileReference; lastKnownFileType = sourcecode.swift; path = CalendarRecCard.swift; sourceTree = "<group>"; };
		B72EB4E32C4537D100B84CDD /* Phrases.swift */ = {isa = PBXFileReference; lastKnownFileType = sourcecode.swift; path = Phrases.swift; sourceTree = "<group>"; };
		B72EB4E52C453AFA00B84CDD /* DateService.swift */ = {isa = PBXFileReference; lastKnownFileType = sourcecode.swift; path = DateService.swift; sourceTree = "<group>"; };
		B72EB4E72C453BDD00B84CDD /* CalendarActList.swift */ = {isa = PBXFileReference; lastKnownFileType = sourcecode.swift; path = CalendarActList.swift; sourceTree = "<group>"; };
		B72EB4E92C453CEF00B84CDD /* DatePicker.swift */ = {isa = PBXFileReference; lastKnownFileType = sourcecode.swift; path = DatePicker.swift; sourceTree = "<group>"; };
		B7BF86112C44416E001E0EBF /* SelectedDateDetail.swift */ = {isa = PBXFileReference; lastKnownFileType = sourcecode.swift; path = SelectedDateDetail.swift; sourceTree = "<group>"; };
		E4122D6B2C4111F90047AAC5 /* RecommendationService.swift */ = {isa = PBXFileReference; lastKnownFileType = sourcecode.swift; path = RecommendationService.swift; sourceTree = "<group>"; };
		E4122D6D2C4113A70047AAC5 /* RecommendedLocation.swift */ = {isa = PBXFileReference; lastKnownFileType = sourcecode.swift; path = RecommendedLocation.swift; sourceTree = "<group>"; };
		E4122D702C4117820047AAC5 /* Date.swift */ = {isa = PBXFileReference; lastKnownFileType = sourcecode.swift; path = Date.swift; sourceTree = "<group>"; };
		E435C03D2C3FBAEC00F1D05B /* NC3.app */ = {isa = PBXFileReference; explicitFileType = wrapper.application; includeInIndex = 0; path = NC3.app; sourceTree = BUILT_PRODUCTS_DIR; };
		E435C0402C3FBAEC00F1D05B /* NC3App.swift */ = {isa = PBXFileReference; lastKnownFileType = sourcecode.swift; path = NC3App.swift; sourceTree = "<group>"; };
		E435C0422C3FBAEC00F1D05B /* ContentView.swift */ = {isa = PBXFileReference; lastKnownFileType = sourcecode.swift; path = ContentView.swift; sourceTree = "<group>"; };
		E435C0442C3FBAEC00F1D05B /* Item.swift */ = {isa = PBXFileReference; lastKnownFileType = sourcecode.swift; path = Item.swift; sourceTree = "<group>"; };
		E435C0462C3FBAED00F1D05B /* Assets.xcassets */ = {isa = PBXFileReference; lastKnownFileType = folder.assetcatalog; path = Assets.xcassets; sourceTree = "<group>"; };
		E435C0492C3FBAED00F1D05B /* Preview Assets.xcassets */ = {isa = PBXFileReference; lastKnownFileType = folder.assetcatalog; path = "Preview Assets.xcassets"; sourceTree = "<group>"; };
		E435C0522C3FBC7100F1D05B /* HomeScreenView.swift */ = {isa = PBXFileReference; lastKnownFileType = sourcecode.swift; path = HomeScreenView.swift; sourceTree = "<group>"; };
		E435C0572C3FBCA000F1D05B /* DetailScreenView.swift */ = {isa = PBXFileReference; lastKnownFileType = sourcecode.swift; path = DetailScreenView.swift; sourceTree = "<group>"; };
		E435C0592C3FBCD100F1D05B /* ViewModelSample.swift */ = {isa = PBXFileReference; lastKnownFileType = sourcecode.swift; path = ViewModelSample.swift; sourceTree = "<group>"; };
		E435C05B2C3FBCDA00F1D05B /* ViewSample.swift */ = {isa = PBXFileReference; lastKnownFileType = sourcecode.swift; path = ViewSample.swift; sourceTree = "<group>"; };
		E435C05D2C3FBCE100F1D05B /* ServiceSample.swift */ = {isa = PBXFileReference; lastKnownFileType = sourcecode.swift; path = ServiceSample.swift; sourceTree = "<group>"; };
		E435C0602C3FC76A00F1D05B /* Location.swift */ = {isa = PBXFileReference; lastKnownFileType = sourcecode.swift; path = Location.swift; sourceTree = "<group>"; };
		E435C0632C3FC7E900F1D05B /* Recommendation.swift */ = {isa = PBXFileReference; lastKnownFileType = sourcecode.swift; path = Recommendation.swift; sourceTree = "<group>"; };
		E49F7E912C3FE5EF009D75E5 /* NC3.entitlements */ = {isa = PBXFileReference; lastKnownFileType = text.plist.entitlements; path = NC3.entitlements; sourceTree = "<group>"; };
/* End PBXFileReference section */

/* Begin PBXFrameworksBuildPhase section */
		E435C03A2C3FBAEC00F1D05B /* Frameworks */ = {
			isa = PBXFrameworksBuildPhase;
			buildActionMask = 2147483647;
			files = (
			);
			runOnlyForDeploymentPostprocessing = 0;
		};
/* End PBXFrameworksBuildPhase section */

/* Begin PBXGroup section */
		E4122D6F2C4117570047AAC5 /* Utilities */ = {
			isa = PBXGroup;
			children = (
				E4122D702C4117820047AAC5 /* Date.swift */,
			);
			path = Utilities;
			sourceTree = "<group>";
		};
		E435C0342C3FBAEC00F1D05B = {
			isa = PBXGroup;
			children = (
				E435C03F2C3FBAEC00F1D05B /* NC3 */,
				E435C03E2C3FBAEC00F1D05B /* Products */,
			);
			sourceTree = "<group>";
		};
		E435C03E2C3FBAEC00F1D05B /* Products */ = {
			isa = PBXGroup;
			children = (
				E435C03D2C3FBAEC00F1D05B /* NC3.app */,
			);
			name = Products;
			sourceTree = "<group>";
		};
		E435C03F2C3FBAEC00F1D05B /* NC3 */ = {
			isa = PBXGroup;
			children = (
				E4122D6F2C4117570047AAC5 /* Utilities */,
				E49F7E912C3FE5EF009D75E5 /* NC3.entitlements */,
				E435C0622C3FC7E100F1D05B /* Data */,
				E435C05F2C3FC76000F1D05B /* Models */,
				E435C0552C3FBC8400F1D05B /* ViewModels */,
				E435C0542C3FBC7700F1D05B /* Screens */,
				E435C0512C3FBC6300F1D05B /* Services */,
				E435C0502C3FBC5C00F1D05B /* Views */,
				E435C0402C3FBAEC00F1D05B /* NC3App.swift */,
				E435C0422C3FBAEC00F1D05B /* ContentView.swift */,
				E435C0442C3FBAEC00F1D05B /* Item.swift */,
				E435C0462C3FBAED00F1D05B /* Assets.xcassets */,
				E435C0482C3FBAED00F1D05B /* Preview Content */,
			);
			path = NC3;
			sourceTree = "<group>";
		};
		E435C0482C3FBAED00F1D05B /* Preview Content */ = {
			isa = PBXGroup;
			children = (
				E435C0492C3FBAED00F1D05B /* Preview Assets.xcassets */,
			);
			path = "Preview Content";
			sourceTree = "<group>";
		};
		E435C0502C3FBC5C00F1D05B /* Views */ = {
			isa = PBXGroup;
			children = (
				E435C05B2C3FBCDA00F1D05B /* ViewSample.swift */,
				B72A3AAE2C3FE3DE005C0D64 /* CalendarPicker.swift */,
				B72A3AB22C4117CA005C0D64 /* ToggleButton.swift */,
				B72A3AB42C4143F7005C0D64 /* CalendarRecCard.swift */,
				B7BF86112C44416E001E0EBF /* SelectedDateDetail.swift */,
				B72EB4E72C453BDD00B84CDD /* CalendarActList.swift */,
				B72EB4E92C453CEF00B84CDD /* DatePicker.swift */,
				76C5E1462C3FCF740092A73C /* RecommendationView.swift */,
				76C5E14C2C4146E30092A73C /* WeekendView.swift */,
			);
			path = Views;
			sourceTree = "<group>";
		};
		E435C0512C3FBC6300F1D05B /* Services */ = {
			isa = PBXGroup;
			children = (
				E435C05D2C3FBCE100F1D05B /* ServiceSample.swift */,
				8042201F2C3FE50300A4E8B0 /* WeatherManager.swift */,
				E4122D6B2C4111F90047AAC5 /* RecommendationService.swift */,
				804220502C442D6B00A4E8B0 /* EventManager.swift */,
				B72EB4E32C4537D100B84CDD /* Phrases.swift */,
				B72EB4E52C453AFA00B84CDD /* DateService.swift */,
			);
			path = Services;
			sourceTree = "<group>";
		};
		E435C0542C3FBC7700F1D05B /* Screens */ = {
			isa = PBXGroup;
			children = (
				E435C0522C3FBC7100F1D05B /* HomeScreenView.swift */,
				E435C0572C3FBCA000F1D05B /* DetailScreenView.swift */,
				B72A3AA82C3FC2EB005C0D64 /* CalenderView.swift */,
				7633E5ED2C47BD9E0038C14C /* MainView.swift */,
			);
			path = Screens;
			sourceTree = "<group>";
		};
		E435C0552C3FBC8400F1D05B /* ViewModels */ = {
			isa = PBXGroup;
			children = (
				E435C0592C3FBCD100F1D05B /* ViewModelSample.swift */,
				B72A3AAC2C3FD25F005C0D64 /* CalendarViewModel.swift */,
				76C5E1502C453C410092A73C /* HomeViewModel.swift */,
			);
			path = ViewModels;
			sourceTree = "<group>";
		};
		E435C05F2C3FC76000F1D05B /* Models */ = {
			isa = PBXGroup;
			children = (
				E435C0602C3FC76A00F1D05B /* Location.swift */,
				E4122D6D2C4113A70047AAC5 /* RecommendedLocation.swift */,
				B72A3AAA2C3FD183005C0D64 /* CustomDate.swift */,
			);
			path = Models;
			sourceTree = "<group>";
		};
		E435C0622C3FC7E100F1D05B /* Data */ = {
			isa = PBXGroup;
			children = (
				E435C0632C3FC7E900F1D05B /* Recommendation.swift */,
			);
			path = Data;
			sourceTree = "<group>";
		};
/* End PBXGroup section */

/* Begin PBXNativeTarget section */
		E435C03C2C3FBAEC00F1D05B /* NC3 */ = {
			isa = PBXNativeTarget;
			buildConfigurationList = E435C04D2C3FBAED00F1D05B /* Build configuration list for PBXNativeTarget "NC3" */;
			buildPhases = (
				E435C0392C3FBAEC00F1D05B /* Sources */,
				E435C03A2C3FBAEC00F1D05B /* Frameworks */,
				E435C03B2C3FBAEC00F1D05B /* Resources */,
			);
			buildRules = (
			);
			dependencies = (
			);
			name = NC3;
			productName = NC3;
			productReference = E435C03D2C3FBAEC00F1D05B /* NC3.app */;
			productType = "com.apple.product-type.application";
		};
/* End PBXNativeTarget section */

/* Begin PBXProject section */
		E435C0352C3FBAEC00F1D05B /* Project object */ = {
			isa = PBXProject;
			attributes = {
				BuildIndependentTargetsInParallel = 1;
				LastSwiftUpdateCheck = 1530;
				LastUpgradeCheck = 1530;
				TargetAttributes = {
					E435C03C2C3FBAEC00F1D05B = {
						CreatedOnToolsVersion = 15.3;
					};
				};
			};
			buildConfigurationList = E435C0382C3FBAEC00F1D05B /* Build configuration list for PBXProject "NC3" */;
			compatibilityVersion = "Xcode 14.0";
			developmentRegion = en;
			hasScannedForEncodings = 0;
			knownRegions = (
				en,
				Base,
			);
			mainGroup = E435C0342C3FBAEC00F1D05B;
			productRefGroup = E435C03E2C3FBAEC00F1D05B /* Products */;
			projectDirPath = "";
			projectRoot = "";
			targets = (
				E435C03C2C3FBAEC00F1D05B /* NC3 */,
			);
		};
/* End PBXProject section */

/* Begin PBXResourcesBuildPhase section */
		E435C03B2C3FBAEC00F1D05B /* Resources */ = {
			isa = PBXResourcesBuildPhase;
			buildActionMask = 2147483647;
			files = (
				E435C04A2C3FBAED00F1D05B /* Preview Assets.xcassets in Resources */,
				E435C0472C3FBAED00F1D05B /* Assets.xcassets in Resources */,
			);
			runOnlyForDeploymentPostprocessing = 0;
		};
/* End PBXResourcesBuildPhase section */

/* Begin PBXSourcesBuildPhase section */
		E435C0392C3FBAEC00F1D05B /* Sources */ = {
			isa = PBXSourcesBuildPhase;
			buildActionMask = 2147483647;
			files = (
				804220512C442D6B00A4E8B0 /* EventManager.swift in Sources */,
				76C5E1512C453C410092A73C /* HomeViewModel.swift in Sources */,
				E4122D6C2C4111F90047AAC5 /* RecommendationService.swift in Sources */,
				E435C0432C3FBAEC00F1D05B /* ContentView.swift in Sources */,
				B72A3AAD2C3FD25F005C0D64 /* CalendarViewModel.swift in Sources */,
				E435C05E2C3FBCE100F1D05B /* ServiceSample.swift in Sources */,
				E4122D6E2C4113A70047AAC5 /* RecommendedLocation.swift in Sources */,
				B7BF86122C44416E001E0EBF /* SelectedDateDetail.swift in Sources */,
				B72A3AA92C3FC2EB005C0D64 /* CalenderView.swift in Sources */,
				B72EB4E42C4537D100B84CDD /* Phrases.swift in Sources */,
				E435C0582C3FBCA000F1D05B /* DetailScreenView.swift in Sources */,
				B72EB4EA2C453CEF00B84CDD /* DatePicker.swift in Sources */,
				E435C0452C3FBAEC00F1D05B /* Item.swift in Sources */,
				7633E5EE2C47BD9E0038C14C /* MainView.swift in Sources */,
				76C5E1472C3FCF740092A73C /* RecommendationView.swift in Sources */,
				E435C0612C3FC76A00F1D05B /* Location.swift in Sources */,
				E435C0412C3FBAEC00F1D05B /* NC3App.swift in Sources */,
				804220202C3FE50300A4E8B0 /* WeatherManager.swift in Sources */,
				E4122D712C4117820047AAC5 /* Date.swift in Sources */,
				B72A3AAB2C3FD183005C0D64 /* CustomDate.swift in Sources */,
				B72EB4E82C453BDD00B84CDD /* CalendarActList.swift in Sources */,
				E435C05A2C3FBCD100F1D05B /* ViewModelSample.swift in Sources */,
				B72A3AB32C4117CA005C0D64 /* ToggleButton.swift in Sources */,
				E435C0532C3FBC7100F1D05B /* HomeScreenView.swift in Sources */,
				E435C0642C3FC7E900F1D05B /* Recommendation.swift in Sources */,
				76C5E14D2C4146E30092A73C /* WeekendView.swift in Sources */,
				E435C05C2C3FBCDA00F1D05B /* ViewSample.swift in Sources */,
				B72A3AB52C4143F7005C0D64 /* CalendarRecCard.swift in Sources */,
				B72A3AAF2C3FE3DE005C0D64 /* CalendarPicker.swift in Sources */,
				B72EB4E62C453AFA00B84CDD /* DateService.swift in Sources */,
			);
			runOnlyForDeploymentPostprocessing = 0;
		};
/* End PBXSourcesBuildPhase section */

/* Begin XCBuildConfiguration section */
		E435C04B2C3FBAED00F1D05B /* Debug */ = {
			isa = XCBuildConfiguration;
			buildSettings = {
				ALWAYS_SEARCH_USER_PATHS = NO;
				ASSETCATALOG_COMPILER_GENERATE_SWIFT_ASSET_SYMBOL_EXTENSIONS = YES;
				CLANG_ANALYZER_NONNULL = YES;
				CLANG_ANALYZER_NUMBER_OBJECT_CONVERSION = YES_AGGRESSIVE;
				CLANG_CXX_LANGUAGE_STANDARD = "gnu++20";
				CLANG_ENABLE_MODULES = YES;
				CLANG_ENABLE_OBJC_ARC = YES;
				CLANG_ENABLE_OBJC_WEAK = YES;
				CLANG_WARN_BLOCK_CAPTURE_AUTORELEASING = YES;
				CLANG_WARN_BOOL_CONVERSION = YES;
				CLANG_WARN_COMMA = YES;
				CLANG_WARN_CONSTANT_CONVERSION = YES;
				CLANG_WARN_DEPRECATED_OBJC_IMPLEMENTATIONS = YES;
				CLANG_WARN_DIRECT_OBJC_ISA_USAGE = YES_ERROR;
				CLANG_WARN_DOCUMENTATION_COMMENTS = YES;
				CLANG_WARN_EMPTY_BODY = YES;
				CLANG_WARN_ENUM_CONVERSION = YES;
				CLANG_WARN_INFINITE_RECURSION = YES;
				CLANG_WARN_INT_CONVERSION = YES;
				CLANG_WARN_NON_LITERAL_NULL_CONVERSION = YES;
				CLANG_WARN_OBJC_IMPLICIT_RETAIN_SELF = YES;
				CLANG_WARN_OBJC_LITERAL_CONVERSION = YES;
				CLANG_WARN_OBJC_ROOT_CLASS = YES_ERROR;
				CLANG_WARN_QUOTED_INCLUDE_IN_FRAMEWORK_HEADER = YES;
				CLANG_WARN_RANGE_LOOP_ANALYSIS = YES;
				CLANG_WARN_STRICT_PROTOTYPES = YES;
				CLANG_WARN_SUSPICIOUS_MOVE = YES;
				CLANG_WARN_UNGUARDED_AVAILABILITY = YES_AGGRESSIVE;
				CLANG_WARN_UNREACHABLE_CODE = YES;
				CLANG_WARN__DUPLICATE_METHOD_MATCH = YES;
				COPY_PHASE_STRIP = NO;
				DEBUG_INFORMATION_FORMAT = dwarf;
				ENABLE_STRICT_OBJC_MSGSEND = YES;
				ENABLE_TESTABILITY = YES;
				ENABLE_USER_SCRIPT_SANDBOXING = YES;
				GCC_C_LANGUAGE_STANDARD = gnu17;
				GCC_DYNAMIC_NO_PIC = NO;
				GCC_NO_COMMON_BLOCKS = YES;
				GCC_OPTIMIZATION_LEVEL = 0;
				GCC_PREPROCESSOR_DEFINITIONS = (
					"DEBUG=1",
					"$(inherited)",
				);
				GCC_WARN_64_TO_32_BIT_CONVERSION = YES;
				GCC_WARN_ABOUT_RETURN_TYPE = YES_ERROR;
				GCC_WARN_UNDECLARED_SELECTOR = YES;
				GCC_WARN_UNINITIALIZED_AUTOS = YES_AGGRESSIVE;
				GCC_WARN_UNUSED_FUNCTION = YES;
				GCC_WARN_UNUSED_VARIABLE = YES;
				IPHONEOS_DEPLOYMENT_TARGET = 17.4;
				LOCALIZATION_PREFERS_STRING_CATALOGS = YES;
				MTL_ENABLE_DEBUG_INFO = INCLUDE_SOURCE;
				MTL_FAST_MATH = YES;
				ONLY_ACTIVE_ARCH = YES;
				SDKROOT = iphoneos;
				SWIFT_ACTIVE_COMPILATION_CONDITIONS = "DEBUG $(inherited)";
				SWIFT_OPTIMIZATION_LEVEL = "-Onone";
			};
			name = Debug;
		};
		E435C04C2C3FBAED00F1D05B /* Release */ = {
			isa = XCBuildConfiguration;
			buildSettings = {
				ALWAYS_SEARCH_USER_PATHS = NO;
				ASSETCATALOG_COMPILER_GENERATE_SWIFT_ASSET_SYMBOL_EXTENSIONS = YES;
				CLANG_ANALYZER_NONNULL = YES;
				CLANG_ANALYZER_NUMBER_OBJECT_CONVERSION = YES_AGGRESSIVE;
				CLANG_CXX_LANGUAGE_STANDARD = "gnu++20";
				CLANG_ENABLE_MODULES = YES;
				CLANG_ENABLE_OBJC_ARC = YES;
				CLANG_ENABLE_OBJC_WEAK = YES;
				CLANG_WARN_BLOCK_CAPTURE_AUTORELEASING = YES;
				CLANG_WARN_BOOL_CONVERSION = YES;
				CLANG_WARN_COMMA = YES;
				CLANG_WARN_CONSTANT_CONVERSION = YES;
				CLANG_WARN_DEPRECATED_OBJC_IMPLEMENTATIONS = YES;
				CLANG_WARN_DIRECT_OBJC_ISA_USAGE = YES_ERROR;
				CLANG_WARN_DOCUMENTATION_COMMENTS = YES;
				CLANG_WARN_EMPTY_BODY = YES;
				CLANG_WARN_ENUM_CONVERSION = YES;
				CLANG_WARN_INFINITE_RECURSION = YES;
				CLANG_WARN_INT_CONVERSION = YES;
				CLANG_WARN_NON_LITERAL_NULL_CONVERSION = YES;
				CLANG_WARN_OBJC_IMPLICIT_RETAIN_SELF = YES;
				CLANG_WARN_OBJC_LITERAL_CONVERSION = YES;
				CLANG_WARN_OBJC_ROOT_CLASS = YES_ERROR;
				CLANG_WARN_QUOTED_INCLUDE_IN_FRAMEWORK_HEADER = YES;
				CLANG_WARN_RANGE_LOOP_ANALYSIS = YES;
				CLANG_WARN_STRICT_PROTOTYPES = YES;
				CLANG_WARN_SUSPICIOUS_MOVE = YES;
				CLANG_WARN_UNGUARDED_AVAILABILITY = YES_AGGRESSIVE;
				CLANG_WARN_UNREACHABLE_CODE = YES;
				CLANG_WARN__DUPLICATE_METHOD_MATCH = YES;
				COPY_PHASE_STRIP = NO;
				DEBUG_INFORMATION_FORMAT = "dwarf-with-dsym";
				ENABLE_NS_ASSERTIONS = NO;
				ENABLE_STRICT_OBJC_MSGSEND = YES;
				ENABLE_USER_SCRIPT_SANDBOXING = YES;
				GCC_C_LANGUAGE_STANDARD = gnu17;
				GCC_NO_COMMON_BLOCKS = YES;
				GCC_WARN_64_TO_32_BIT_CONVERSION = YES;
				GCC_WARN_ABOUT_RETURN_TYPE = YES_ERROR;
				GCC_WARN_UNDECLARED_SELECTOR = YES;
				GCC_WARN_UNINITIALIZED_AUTOS = YES_AGGRESSIVE;
				GCC_WARN_UNUSED_FUNCTION = YES;
				GCC_WARN_UNUSED_VARIABLE = YES;
				IPHONEOS_DEPLOYMENT_TARGET = 17.4;
				LOCALIZATION_PREFERS_STRING_CATALOGS = YES;
				MTL_ENABLE_DEBUG_INFO = NO;
				MTL_FAST_MATH = YES;
				SDKROOT = iphoneos;
				SWIFT_COMPILATION_MODE = wholemodule;
				VALIDATE_PRODUCT = YES;
			};
			name = Release;
		};
		E435C04E2C3FBAED00F1D05B /* Debug */ = {
			isa = XCBuildConfiguration;
			buildSettings = {
				ASSETCATALOG_COMPILER_APPICON_NAME = AppIcon;
				ASSETCATALOG_COMPILER_GLOBAL_ACCENT_COLOR_NAME = AccentColor;
				CODE_SIGN_ENTITLEMENTS = NC3/NC3.entitlements;
				CODE_SIGN_STYLE = Automatic;
				CURRENT_PROJECT_VERSION = 1;
				DEVELOPMENT_ASSET_PATHS = "\"NC3/Preview Content\"";
				DEVELOPMENT_TEAM = J56U42A6JG;
				ENABLE_PREVIEWS = YES;
				GENERATE_INFOPLIST_FILE = YES;
				INFOPLIST_KEY_NSCalendarsUsageDescription = "We use your calendar to add events.";
				INFOPLIST_KEY_NSLocationWhenInUseUsageDescription = "We use your location to determine the best possible location for outdoor activities";
				INFOPLIST_KEY_UIApplicationSceneManifest_Generation = YES;
				INFOPLIST_KEY_UIApplicationSupportsIndirectInputEvents = YES;
				INFOPLIST_KEY_UILaunchScreen_Generation = YES;
				INFOPLIST_KEY_UISupportedInterfaceOrientations = UIInterfaceOrientationPortrait;
				INFOPLIST_KEY_UISupportedInterfaceOrientations_iPad = "UIInterfaceOrientationPortrait UIInterfaceOrientationPortraitUpsideDown UIInterfaceOrientationLandscapeLeft UIInterfaceOrientationLandscapeRight";
				INFOPLIST_KEY_UISupportedInterfaceOrientations_iPhone = "UIInterfaceOrientationPortrait UIInterfaceOrientationLandscapeLeft UIInterfaceOrientationLandscapeRight";
				IPHONEOS_DEPLOYMENT_TARGET = 17.2;
				LD_RUNPATH_SEARCH_PATHS = (
					"$(inherited)",
					"@executable_path/Frameworks",
				);
				MARKETING_VERSION = 1.0;
				PRODUCT_BUNDLE_IDENTIFIER = com.voidfnc.NC3;
				PRODUCT_NAME = "$(TARGET_NAME)";
				SUPPORTED_PLATFORMS = "iphoneos iphonesimulator";
				SUPPORTS_MACCATALYST = NO;
				SUPPORTS_XR_DESIGNED_FOR_IPHONE_IPAD = NO;
				SWIFT_EMIT_LOC_STRINGS = YES;
				SWIFT_VERSION = 5.0;
				TARGETED_DEVICE_FAMILY = 1;
			};
			name = Debug;
		};
		E435C04F2C3FBAED00F1D05B /* Release */ = {
			isa = XCBuildConfiguration;
			buildSettings = {
				ASSETCATALOG_COMPILER_APPICON_NAME = AppIcon;
				ASSETCATALOG_COMPILER_GLOBAL_ACCENT_COLOR_NAME = AccentColor;
				CODE_SIGN_ENTITLEMENTS = NC3/NC3.entitlements;
				CODE_SIGN_STYLE = Automatic;
				CURRENT_PROJECT_VERSION = 1;
				DEVELOPMENT_ASSET_PATHS = "\"NC3/Preview Content\"";
				DEVELOPMENT_TEAM = J56U42A6JG;
				ENABLE_PREVIEWS = YES;
				GENERATE_INFOPLIST_FILE = YES;
				INFOPLIST_KEY_NSCalendarsUsageDescription = "We use your calendar to add events.";
				INFOPLIST_KEY_NSLocationWhenInUseUsageDescription = "We use your location to determine the best possible location for outdoor activities";
				INFOPLIST_KEY_UIApplicationSceneManifest_Generation = YES;
				INFOPLIST_KEY_UIApplicationSupportsIndirectInputEvents = YES;
				INFOPLIST_KEY_UILaunchScreen_Generation = YES;
				INFOPLIST_KEY_UISupportedInterfaceOrientations = UIInterfaceOrientationPortrait;
				INFOPLIST_KEY_UISupportedInterfaceOrientations_iPad = "UIInterfaceOrientationPortrait UIInterfaceOrientationPortraitUpsideDown UIInterfaceOrientationLandscapeLeft UIInterfaceOrientationLandscapeRight";
				INFOPLIST_KEY_UISupportedInterfaceOrientations_iPhone = "UIInterfaceOrientationPortrait UIInterfaceOrientationLandscapeLeft UIInterfaceOrientationLandscapeRight";
				IPHONEOS_DEPLOYMENT_TARGET = 17.2;
				LD_RUNPATH_SEARCH_PATHS = (
					"$(inherited)",
					"@executable_path/Frameworks",
				);
				MARKETING_VERSION = 1.0;
				PRODUCT_BUNDLE_IDENTIFIER = com.voidfnc.NC3;
				PRODUCT_NAME = "$(TARGET_NAME)";
				SUPPORTED_PLATFORMS = "iphoneos iphonesimulator";
				SUPPORTS_MACCATALYST = NO;
				SUPPORTS_XR_DESIGNED_FOR_IPHONE_IPAD = NO;
				SWIFT_EMIT_LOC_STRINGS = YES;
				SWIFT_VERSION = 5.0;
				TARGETED_DEVICE_FAMILY = 1;
			};
			name = Release;
		};
/* End XCBuildConfiguration section */

/* Begin XCConfigurationList section */
		E435C0382C3FBAEC00F1D05B /* Build configuration list for PBXProject "NC3" */ = {
			isa = XCConfigurationList;
			buildConfigurations = (
				E435C04B2C3FBAED00F1D05B /* Debug */,
				E435C04C2C3FBAED00F1D05B /* Release */,
			);
			defaultConfigurationIsVisible = 0;
			defaultConfigurationName = Release;
		};
		E435C04D2C3FBAED00F1D05B /* Build configuration list for PBXNativeTarget "NC3" */ = {
			isa = XCConfigurationList;
			buildConfigurations = (
				E435C04E2C3FBAED00F1D05B /* Debug */,
				E435C04F2C3FBAED00F1D05B /* Release */,
			);
			defaultConfigurationIsVisible = 0;
			defaultConfigurationName = Release;
		};
/* End XCConfigurationList section */
	};
	rootObject = E435C0352C3FBAEC00F1D05B /* Project object */;
}
